
Microsoft Visual Studio Solution File, Format Version 12.00
# Visual Studio Version 17
VisualStudioVersion = 17.0.31717.71
MinimumVisualStudioVersion = 10.0.40219.1
Project("{FAE04EC0-301F-11D3-BF4B-00C04F79EFBC}") = "PragueParking2.0", "PragueParking2.0\PragueParking2.0.csproj", "{49BC22D9-B104-44B8-82BB-D2E335CD00CA}"
EndProject
Global
	GlobalSection(SolutionConfigurationPlatforms) = preSolution
		Debug|Any CPU = Debug|Any CPU
		Release|Any CPU = Release|Any CPU
	EndGlobalSection
	GlobalSection(ProjectConfigurationPlatforms) = postSolution
		{49BC22D9-B104-44B8-82BB-D2E335CD00CA}.Debug|Any CPU.ActiveCfg = Debug|Any CPU
		{49BC22D9-B104-44B8-82BB-D2E335CD00CA}.Debug|Any CPU.Build.0 = Debug|Any CPU
		{49BC22D9-B104-44B8-82BB-D2E335CD00CA}.Release|Any CPU.ActiveCfg = Release|Any CPU
		{49BC22D9-B104-44B8-82BB-D2E335CD00CA}.Release|Any CPU.Build.0 = Release|Any CPU
	EndGlobalSection
	GlobalSection(SolutionProperties) = preSolution
		HideSolutionNode = FALSE
	EndGlobalSection
	GlobalSection(ExtensibilityGlobals) = postSolution
		SolutionGuid = {6FC2233F-81CC-43EA-B906-66981F27B0E1}
	EndGlobalSection
EndGlobal
